// !$*UTF8*$!
{
	archiveVersion = 1;
	classes = {
	};
	objectVersion = 50;
	objects = {

/* Begin PBXBuildFile section */
		0BFD996D3EF1563DD1032CD8 /* Pods_flixster_flixsterUITests.framework in Frameworks */ = {isa = PBXBuildFile; fileRef = 2761AB40650F8E86AAED17B6 /* Pods_flixster_flixsterUITests.framework */; };
		711115361456F484474EE8DA /* Pods_flixster.framework in Frameworks */ = {isa = PBXBuildFile; fileRef = AD58E37D2E9AAA55B37FB028 /* Pods_flixster.framework */; };
		AA62D37025202C8F00854707 /* AppDelegate.swift in Sources */ = {isa = PBXBuildFile; fileRef = AA62D36F25202C8F00854707 /* AppDelegate.swift */; };
		AA62D37225202C8F00854707 /* SceneDelegate.swift in Sources */ = {isa = PBXBuildFile; fileRef = AA62D37125202C8F00854707 /* SceneDelegate.swift */; };
		AA62D37725202C8F00854707 /* Main.storyboard in Resources */ = {isa = PBXBuildFile; fileRef = AA62D37525202C8F00854707 /* Main.storyboard */; };
		AA62D37925202C9000854707 /* Assets.xcassets in Resources */ = {isa = PBXBuildFile; fileRef = AA62D37825202C9000854707 /* Assets.xcassets */; };
		AA62D37C25202C9000854707 /* LaunchScreen.storyboard in Resources */ = {isa = PBXBuildFile; fileRef = AA62D37A25202C9000854707 /* LaunchScreen.storyboard */; };
		AA62D38725202C9000854707 /* flixsterTests.swift in Sources */ = {isa = PBXBuildFile; fileRef = AA62D38625202C9000854707 /* flixsterTests.swift */; };
		AA62D39225202C9000854707 /* flixsterUITests.swift in Sources */ = {isa = PBXBuildFile; fileRef = AA62D39125202C9000854707 /* flixsterUITests.swift */; };
		AA874C462520318D00B19B80 /* MoviesViewController.swift in Sources */ = {isa = PBXBuildFile; fileRef = AA874C452520318D00B19B80 /* MoviesViewController.swift */; };
		AA874C4B2520423B00B19B80 /* MovieCell.swift in Sources */ = {isa = PBXBuildFile; fileRef = AA874C4A2520423B00B19B80 /* MovieCell.swift */; };
		AB1553D33A9D4BB6EFC87BE9 /* Pods_flixsterTests.framework in Frameworks */ = {isa = PBXBuildFile; fileRef = AC94C471395022FE056CD375 /* Pods_flixsterTests.framework */; };
/* End PBXBuildFile section */

/* Begin PBXContainerItemProxy section */
		AA62D38325202C9000854707 /* PBXContainerItemProxy */ = {
			isa = PBXContainerItemProxy;
			containerPortal = AA62D36425202C8F00854707 /* Project object */;
			proxyType = 1;
			remoteGlobalIDString = AA62D36B25202C8F00854707;
			remoteInfo = flixster;
		};
		AA62D38E25202C9000854707 /* PBXContainerItemProxy */ = {
			isa = PBXContainerItemProxy;
			containerPortal = AA62D36425202C8F00854707 /* Project object */;
			proxyType = 1;
			remoteGlobalIDString = AA62D36B25202C8F00854707;
			remoteInfo = flixster;
		};
/* End PBXContainerItemProxy section */

/* Begin PBXFileReference section */
		1E41F5FB42799F1A4690C321 /* Pods-flixsterTests.debug.xcconfig */ = {isa = PBXFileReference; includeInIndex = 1; lastKnownFileType = text.xcconfig; name = "Pods-flixsterTests.debug.xcconfig"; path = "Target Support Files/Pods-flixsterTests/Pods-flixsterTests.debug.xcconfig"; sourceTree = "<group>"; };
		2761AB40650F8E86AAED17B6 /* Pods_flixster_flixsterUITests.framework */ = {isa = PBXFileReference; explicitFileType = wrapper.framework; includeInIndex = 0; path = Pods_flixster_flixsterUITests.framework; sourceTree = BUILT_PRODUCTS_DIR; };
		343829B10C04352108B5B888 /* Pods-flixster.debug.xcconfig */ = {isa = PBXFileReference; includeInIndex = 1; lastKnownFileType = text.xcconfig; name = "Pods-flixster.debug.xcconfig"; path = "Target Support Files/Pods-flixster/Pods-flixster.debug.xcconfig"; sourceTree = "<group>"; };
		62EFFCF0F5F1B3FE9CB5084A /* Pods-flixster-flixsterUITests.debug.xcconfig */ = {isa = PBXFileReference; includeInIndex = 1; lastKnownFileType = text.xcconfig; name = "Pods-flixster-flixsterUITests.debug.xcconfig"; path = "Target Support Files/Pods-flixster-flixsterUITests/Pods-flixster-flixsterUITests.debug.xcconfig"; sourceTree = "<group>"; };
		6AC47B42795516C1DC193CEA /* Pods-flixsterTests.release.xcconfig */ = {isa = PBXFileReference; includeInIndex = 1; lastKnownFileType = text.xcconfig; name = "Pods-flixsterTests.release.xcconfig"; path = "Target Support Files/Pods-flixsterTests/Pods-flixsterTests.release.xcconfig"; sourceTree = "<group>"; };
		AA62D36C25202C8F00854707 /* flixster.app */ = {isa = PBXFileReference; explicitFileType = wrapper.application; includeInIndex = 0; path = flixster.app; sourceTree = BUILT_PRODUCTS_DIR; };
		AA62D36F25202C8F00854707 /* AppDelegate.swift */ = {isa = PBXFileReference; lastKnownFileType = sourcecode.swift; path = AppDelegate.swift; sourceTree = "<group>"; };
		AA62D37125202C8F00854707 /* SceneDelegate.swift */ = {isa = PBXFileReference; lastKnownFileType = sourcecode.swift; path = SceneDelegate.swift; sourceTree = "<group>"; };
		AA62D37625202C8F00854707 /* Base */ = {isa = PBXFileReference; lastKnownFileType = file.storyboard; name = Base; path = Base.lproj/Main.storyboard; sourceTree = "<group>"; };
		AA62D37825202C9000854707 /* Assets.xcassets */ = {isa = PBXFileReference; lastKnownFileType = folder.assetcatalog; path = Assets.xcassets; sourceTree = "<group>"; };
		AA62D37B25202C9000854707 /* Base */ = {isa = PBXFileReference; lastKnownFileType = file.storyboard; name = Base; path = Base.lproj/LaunchScreen.storyboard; sourceTree = "<group>"; };
		AA62D37D25202C9000854707 /* Info.plist */ = {isa = PBXFileReference; lastKnownFileType = text.plist.xml; path = Info.plist; sourceTree = "<group>"; };
		AA62D38225202C9000854707 /* flixsterTests.xctest */ = {isa = PBXFileReference; explicitFileType = wrapper.cfbundle; includeInIndex = 0; path = flixsterTests.xctest; sourceTree = BUILT_PRODUCTS_DIR; };
		AA62D38625202C9000854707 /* flixsterTests.swift */ = {isa = PBXFileReference; lastKnownFileType = sourcecode.swift; path = flixsterTests.swift; sourceTree = "<group>"; };
		AA62D38825202C9000854707 /* Info.plist */ = {isa = PBXFileReference; lastKnownFileType = text.plist.xml; path = Info.plist; sourceTree = "<group>"; };
		AA62D38D25202C9000854707 /* flixsterUITests.xctest */ = {isa = PBXFileReference; explicitFileType = wrapper.cfbundle; includeInIndex = 0; path = flixsterUITests.xctest; sourceTree = BUILT_PRODUCTS_DIR; };
		AA62D39125202C9000854707 /* flixsterUITests.swift */ = {isa = PBXFileReference; lastKnownFileType = sourcecode.swift; path = flixsterUITests.swift; sourceTree = "<group>"; };
		AA62D39325202C9000854707 /* Info.plist */ = {isa = PBXFileReference; lastKnownFileType = text.plist.xml; path = Info.plist; sourceTree = "<group>"; };
		AA874C452520318D00B19B80 /* MoviesViewController.swift */ = {isa = PBXFileReference; lastKnownFileType = sourcecode.swift; path = MoviesViewController.swift; sourceTree = "<group>"; };
		AA874C4A2520423B00B19B80 /* MovieCell.swift */ = {isa = PBXFileReference; lastKnownFileType = sourcecode.swift; path = MovieCell.swift; sourceTree = "<group>"; };
		AC94C471395022FE056CD375 /* Pods_flixsterTests.framework */ = {isa = PBXFileReference; explicitFileType = wrapper.framework; includeInIndex = 0; path = Pods_flixsterTests.framework; sourceTree = BUILT_PRODUCTS_DIR; };
		AD58E37D2E9AAA55B37FB028 /* Pods_flixster.framework */ = {isa = PBXFileReference; explicitFileType = wrapper.framework; includeInIndex = 0; path = Pods_flixster.framework; sourceTree = BUILT_PRODUCTS_DIR; };
		CFFB77BCE9A7397DFC1C778F /* Pods-flixster.release.xcconfig */ = {isa = PBXFileReference; includeInIndex = 1; lastKnownFileType = text.xcconfig; name = "Pods-flixster.release.xcconfig"; path = "Target Support Files/Pods-flixster/Pods-flixster.release.xcconfig"; sourceTree = "<group>"; };
		FCFFA5FC88E3856E94930D3C /* Pods-flixster-flixsterUITests.release.xcconfig */ = {isa = PBXFileReference; includeInIndex = 1; lastKnownFileType = text.xcconfig; name = "Pods-flixster-flixsterUITests.release.xcconfig"; path = "Target Support Files/Pods-flixster-flixsterUITests/Pods-flixster-flixsterUITests.release.xcconfig"; sourceTree = "<group>"; };
/* End PBXFileReference section */

/* Begin PBXFrameworksBuildPhase section */
		AA62D36925202C8F00854707 /* Frameworks */ = {
			isa = PBXFrameworksBuildPhase;
			buildActionMask = 2147483647;
			files = (
				711115361456F484474EE8DA /* Pods_flixster.framework in Frameworks */,
			);
			runOnlyForDeploymentPostprocessing = 0;
		};
		AA62D37F25202C9000854707 /* Frameworks */ = {
			isa = PBXFrameworksBuildPhase;
			buildActionMask = 2147483647;
			files = (
				AB1553D33A9D4BB6EFC87BE9 /* Pods_flixsterTests.framework in Frameworks */,
			);
			runOnlyForDeploymentPostprocessing = 0;
		};
		AA62D38A25202C9000854707 /* Frameworks */ = {
			isa = PBXFrameworksBuildPhase;
			buildActionMask = 2147483647;
			files = (
				0BFD996D3EF1563DD1032CD8 /* Pods_flixster_flixsterUITests.framework in Frameworks */,
			);
			runOnlyForDeploymentPostprocessing = 0;
		};
/* End PBXFrameworksBuildPhase section */

/* Begin PBXGroup section */
		0037E3DB122EB922FF39A5EC /* Frameworks */ = {
			isa = PBXGroup;
			children = (
				AD58E37D2E9AAA55B37FB028 /* Pods_flixster.framework */,
				2761AB40650F8E86AAED17B6 /* Pods_flixster_flixsterUITests.framework */,
				AC94C471395022FE056CD375 /* Pods_flixsterTests.framework */,
			);
			name = Frameworks;
			sourceTree = "<group>";
		};
		AA62D36325202C8F00854707 = {
			isa = PBXGroup;
			children = (
				AA62D36E25202C8F00854707 /* flixster */,
				AA62D38525202C9000854707 /* flixsterTests */,
				AA62D39025202C9000854707 /* flixsterUITests */,
				AA62D36D25202C8F00854707 /* Products */,
				B5E9F75DB9E69C1A2FDA5B12 /* Pods */,
				0037E3DB122EB922FF39A5EC /* Frameworks */,
			);
			sourceTree = "<group>";
		};
		AA62D36D25202C8F00854707 /* Products */ = {
			isa = PBXGroup;
			children = (
				AA62D36C25202C8F00854707 /* flixster.app */,
				AA62D38225202C9000854707 /* flixsterTests.xctest */,
				AA62D38D25202C9000854707 /* flixsterUITests.xctest */,
			);
			name = Products;
			sourceTree = "<group>";
		};
		AA62D36E25202C8F00854707 /* flixster */ = {
			isa = PBXGroup;
			children = (
				AA62D36F25202C8F00854707 /* AppDelegate.swift */,
				AA62D37125202C8F00854707 /* SceneDelegate.swift */,
				AA62D37525202C8F00854707 /* Main.storyboard */,
				AA62D37825202C9000854707 /* Assets.xcassets */,
				AA62D37A25202C9000854707 /* LaunchScreen.storyboard */,
				AA62D37D25202C9000854707 /* Info.plist */,
				AA874C452520318D00B19B80 /* MoviesViewController.swift */,
				AA874C4A2520423B00B19B80 /* MovieCell.swift */,
			);
			path = flixster;
			sourceTree = "<group>";
		};
		AA62D38525202C9000854707 /* flixsterTests */ = {
			isa = PBXGroup;
			children = (
				AA62D38625202C9000854707 /* flixsterTests.swift */,
				AA62D38825202C9000854707 /* Info.plist */,
			);
			path = flixsterTests;
			sourceTree = "<group>";
		};
		AA62D39025202C9000854707 /* flixsterUITests */ = {
			isa = PBXGroup;
			children = (
				AA62D39125202C9000854707 /* flixsterUITests.swift */,
				AA62D39325202C9000854707 /* Info.plist */,
			);
			path = flixsterUITests;
			sourceTree = "<group>";
		};
		B5E9F75DB9E69C1A2FDA5B12 /* Pods */ = {
			isa = PBXGroup;
			children = (
				343829B10C04352108B5B888 /* Pods-flixster.debug.xcconfig */,
				CFFB77BCE9A7397DFC1C778F /* Pods-flixster.release.xcconfig */,
				62EFFCF0F5F1B3FE9CB5084A /* Pods-flixster-flixsterUITests.debug.xcconfig */,
				FCFFA5FC88E3856E94930D3C /* Pods-flixster-flixsterUITests.release.xcconfig */,
				1E41F5FB42799F1A4690C321 /* Pods-flixsterTests.debug.xcconfig */,
				6AC47B42795516C1DC193CEA /* Pods-flixsterTests.release.xcconfig */,
			);
			name = Pods;
			path = Pods;
			sourceTree = "<group>";
		};
/* End PBXGroup section */

/* Begin PBXNativeTarget section */
		AA62D36B25202C8F00854707 /* flixster */ = {
			isa = PBXNativeTarget;
			buildConfigurationList = AA62D39625202C9000854707 /* Build configuration list for PBXNativeTarget "flixster" */;
			buildPhases = (
				497D0FBC4448B000C4E201F8 /* [CP] Check Pods Manifest.lock */,
				AA62D36825202C8F00854707 /* Sources */,
				AA62D36925202C8F00854707 /* Frameworks */,
				AA62D36A25202C8F00854707 /* Resources */,
				2EA8D128396F7034E3C8020B /* [CP] Embed Pods Frameworks */,
			);
			buildRules = (
			);
			dependencies = (
			);
			name = flixster;
			productName = flixster;
			productReference = AA62D36C25202C8F00854707 /* flixster.app */;
			productType = "com.apple.product-type.application";
		};
		AA62D38125202C9000854707 /* flixsterTests */ = {
			isa = PBXNativeTarget;
			buildConfigurationList = AA62D39925202C9000854707 /* Build configuration list for PBXNativeTarget "flixsterTests" */;
			buildPhases = (
				C3E48976B9857C56CD6AF9E5 /* [CP] Check Pods Manifest.lock */,
				AA62D37E25202C9000854707 /* Sources */,
				AA62D37F25202C9000854707 /* Frameworks */,
				AA62D38025202C9000854707 /* Resources */,
			);
			buildRules = (
			);
			dependencies = (
				AA62D38425202C9000854707 /* PBXTargetDependency */,
			);
			name = flixsterTests;
			productName = flixsterTests;
			productReference = AA62D38225202C9000854707 /* flixsterTests.xctest */;
			productType = "com.apple.product-type.bundle.unit-test";
		};
		AA62D38C25202C9000854707 /* flixsterUITests */ = {
			isa = PBXNativeTarget;
			buildConfigurationList = AA62D39C25202C9000854707 /* Build configuration list for PBXNativeTarget "flixsterUITests" */;
			buildPhases = (
				73B657A9A492A5F9B010A546 /* [CP] Check Pods Manifest.lock */,
				AA62D38925202C9000854707 /* Sources */,
				AA62D38A25202C9000854707 /* Frameworks */,
				AA62D38B25202C9000854707 /* Resources */,
				A44FDDE7D50823CA4A657EB2 /* [CP] Embed Pods Frameworks */,
			);
			buildRules = (
			);
			dependencies = (
				AA62D38F25202C9000854707 /* PBXTargetDependency */,
			);
			name = flixsterUITests;
			productName = flixsterUITests;
			productReference = AA62D38D25202C9000854707 /* flixsterUITests.xctest */;
			productType = "com.apple.product-type.bundle.ui-testing";
		};
/* End PBXNativeTarget section */

/* Begin PBXProject section */
		AA62D36425202C8F00854707 /* Project object */ = {
			isa = PBXProject;
			attributes = {
				LastSwiftUpdateCheck = 1200;
				LastUpgradeCheck = 1200;
				TargetAttributes = {
					AA62D36B25202C8F00854707 = {
						CreatedOnToolsVersion = 12.0.1;
					};
					AA62D38125202C9000854707 = {
						CreatedOnToolsVersion = 12.0.1;
						TestTargetID = AA62D36B25202C8F00854707;
					};
					AA62D38C25202C9000854707 = {
						CreatedOnToolsVersion = 12.0.1;
						TestTargetID = AA62D36B25202C8F00854707;
					};
				};
			};
			buildConfigurationList = AA62D36725202C8F00854707 /* Build configuration list for PBXProject "flixster" */;
			compatibilityVersion = "Xcode 9.3";
			developmentRegion = en;
			hasScannedForEncodings = 0;
			knownRegions = (
				en,
				Base,
			);
			mainGroup = AA62D36325202C8F00854707;
			productRefGroup = AA62D36D25202C8F00854707 /* Products */;
			projectDirPath = "";
			projectRoot = "";
			targets = (
				AA62D36B25202C8F00854707 /* flixster */,
				AA62D38125202C9000854707 /* flixsterTests */,
				AA62D38C25202C9000854707 /* flixsterUITests */,
			);
		};
/* End PBXProject section */

/* Begin PBXResourcesBuildPhase section */
		AA62D36A25202C8F00854707 /* Resources */ = {
			isa = PBXResourcesBuildPhase;
			buildActionMask = 2147483647;
			files = (
				AA62D37C25202C9000854707 /* LaunchScreen.storyboard in Resources */,
				AA62D37925202C9000854707 /* Assets.xcassets in Resources */,
				AA62D37725202C8F00854707 /* Main.storyboard in Resources */,
			);
			runOnlyForDeploymentPostprocessing = 0;
		};
		AA62D38025202C9000854707 /* Resources */ = {
			isa = PBXResourcesBuildPhase;
			buildActionMask = 2147483647;
			files = (
			);
			runOnlyForDeploymentPostprocessing = 0;
		};
		AA62D38B25202C9000854707 /* Resources */ = {
			isa = PBXResourcesBuildPhase;
			buildActionMask = 2147483647;
			files = (
			);
			runOnlyForDeploymentPostprocessing = 0;
		};
/* End PBXResourcesBuildPhase section */

/* Begin PBXShellScriptBuildPhase section */
		2EA8D128396F7034E3C8020B /* [CP] Embed Pods Frameworks */ = {
			isa = PBXShellScriptBuildPhase;
			buildActionMask = 2147483647;
			files = (
			);
			inputFileListPaths = (
				"${PODS_ROOT}/Target Support Files/Pods-flixster/Pods-flixster-frameworks-${CONFIGURATION}-input-files.xcfilelist",
			);
			name = "[CP] Embed Pods Frameworks";
			outputFileListPaths = (
				"${PODS_ROOT}/Target Support Files/Pods-flixster/Pods-flixster-frameworks-${CONFIGURATION}-output-files.xcfilelist",
			);
			runOnlyForDeploymentPostprocessing = 0;
			shellPath = /bin/sh;
			shellScript = "\"${PODS_ROOT}/Target Support Files/Pods-flixster/Pods-flixster-frameworks.sh\"\n";
			showEnvVarsInLog = 0;
		};
		497D0FBC4448B000C4E201F8 /* [CP] Check Pods Manifest.lock */ = {
			isa = PBXShellScriptBuildPhase;
			buildActionMask = 2147483647;
			files = (
			);
			inputFileListPaths = (
			);
			inputPaths = (
				"${PODS_PODFILE_DIR_PATH}/Podfile.lock",
				"${PODS_ROOT}/Manifest.lock",
			);
			name = "[CP] Check Pods Manifest.lock";
			outputFileListPaths = (
			);
			outputPaths = (
				"$(DERIVED_FILE_DIR)/Pods-flixster-checkManifestLockResult.txt",
			);
			runOnlyForDeploymentPostprocessing = 0;
			shellPath = /bin/sh;
			shellScript = "diff \"${PODS_PODFILE_DIR_PATH}/Podfile.lock\" \"${PODS_ROOT}/Manifest.lock\" > /dev/null\nif [ $? != 0 ] ; then\n    # print error to STDERR\n    echo \"error: The sandbox is not in sync with the Podfile.lock. Run 'pod install' or update your CocoaPods installation.\" >&2\n    exit 1\nfi\n# This output is used by Xcode 'outputs' to avoid re-running this script phase.\necho \"SUCCESS\" > \"${SCRIPT_OUTPUT_FILE_0}\"\n";
			showEnvVarsInLog = 0;
		};
		73B657A9A492A5F9B010A546 /* [CP] Check Pods Manifest.lock */ = {
			isa = PBXShellScriptBuildPhase;
			buildActionMask = 2147483647;
			files = (
			);
			inputFileListPaths = (
			);
			inputPaths = (
				"${PODS_PODFILE_DIR_PATH}/Podfile.lock",
				"${PODS_ROOT}/Manifest.lock",
			);
			name = "[CP] Check Pods Manifest.lock";
			outputFileListPaths = (
			);
			outputPaths = (
				"$(DERIVED_FILE_DIR)/Pods-flixster-flixsterUITests-checkManifestLockResult.txt",
			);
			runOnlyForDeploymentPostprocessing = 0;
			shellPath = /bin/sh;
			shellScript = "diff \"${PODS_PODFILE_DIR_PATH}/Podfile.lock\" \"${PODS_ROOT}/Manifest.lock\" > /dev/null\nif [ $? != 0 ] ; then\n    # print error to STDERR\n    echo \"error: The sandbox is not in sync with the Podfile.lock. Run 'pod install' or update your CocoaPods installation.\" >&2\n    exit 1\nfi\n# This output is used by Xcode 'outputs' to avoid re-running this script phase.\necho \"SUCCESS\" > \"${SCRIPT_OUTPUT_FILE_0}\"\n";
			showEnvVarsInLog = 0;
		};
		A44FDDE7D50823CA4A657EB2 /* [CP] Embed Pods Frameworks */ = {
			isa = PBXShellScriptBuildPhase;
			buildActionMask = 2147483647;
			files = (
			);
			inputFileListPaths = (
				"${PODS_ROOT}/Target Support Files/Pods-flixster-flixsterUITests/Pods-flixster-flixsterUITests-frameworks-${CONFIGURATION}-input-files.xcfilelist",
			);
			name = "[CP] Embed Pods Frameworks";
			outputFileListPaths = (
				"${PODS_ROOT}/Target Support Files/Pods-flixster-flixsterUITests/Pods-flixster-flixsterUITests-frameworks-${CONFIGURATION}-output-files.xcfilelist",
			);
			runOnlyForDeploymentPostprocessing = 0;
			shellPath = /bin/sh;
			shellScript = "\"${PODS_ROOT}/Target Support Files/Pods-flixster-flixsterUITests/Pods-flixster-flixsterUITests-frameworks.sh\"\n";
			showEnvVarsInLog = 0;
		};
		C3E48976B9857C56CD6AF9E5 /* [CP] Check Pods Manifest.lock */ = {
			isa = PBXShellScriptBuildPhase;
			buildActionMask = 2147483647;
			files = (
			);
			inputFileListPaths = (
			);
			inputPaths = (
				"${PODS_PODFILE_DIR_PATH}/Podfile.lock",
				"${PODS_ROOT}/Manifest.lock",
			);
			name = "[CP] Check Pods Manifest.lock";
			outputFileListPaths = (
			);
			outputPaths = (
				"$(DERIVED_FILE_DIR)/Pods-flixsterTests-checkManifestLockResult.txt",
			);
			runOnlyForDeploymentPostprocessing = 0;
			shellPath = /bin/sh;
			shellScript = "diff \"${PODS_PODFILE_DIR_PATH}/Podfile.lock\" \"${PODS_ROOT}/Manifest.lock\" > /dev/null\nif [ $? != 0 ] ; then\n    # print error to STDERR\n    echo \"error: The sandbox is not in sync with the Podfile.lock. Run 'pod install' or update your CocoaPods installation.\" >&2\n    exit 1\nfi\n# This output is used by Xcode 'outputs' to avoid re-running this script phase.\necho \"SUCCESS\" > \"${SCRIPT_OUTPUT_FILE_0}\"\n";
			showEnvVarsInLog = 0;
		};
/* End PBXShellScriptBuildPhase section */

/* Begin PBXSourcesBuildPhase section */
		AA62D36825202C8F00854707 /* Sources */ = {
			isa = PBXSourcesBuildPhase;
			buildActionMask = 2147483647;
			files = (
				AA62D37025202C8F00854707 /* AppDelegate.swift in Sources */,
				AA62D37225202C8F00854707 /* SceneDelegate.swift in Sources */,
				AA874C4B2520423B00B19B80 /* MovieCell.swift in Sources */,
				AA874C462520318D00B19B80 /* MoviesViewController.swift in Sources */,
			);
			runOnlyForDeploymentPostprocessing = 0;
		};
		AA62D37E25202C9000854707 /* Sources */ = {
			isa = PBXSourcesBuildPhase;
			buildActionMask = 2147483647;
			files = (
				AA62D38725202C9000854707 /* flixsterTests.swift in Sources */,
			);
			runOnlyForDeploymentPostprocessing = 0;
		};
		AA62D38925202C9000854707 /* Sources */ = {
			isa = PBXSourcesBuildPhase;
			buildActionMask = 2147483647;
			files = (
				AA62D39225202C9000854707 /* flixsterUITests.swift in Sources */,
			);
			runOnlyForDeploymentPostprocessing = 0;
		};
/* End PBXSourcesBuildPhase section */

/* Begin PBXTargetDependency section */
		AA62D38425202C9000854707 /* PBXTargetDependency */ = {
			isa = PBXTargetDependency;
			target = AA62D36B25202C8F00854707 /* flixster */;
			targetProxy = AA62D38325202C9000854707 /* PBXContainerItemProxy */;
		};
		AA62D38F25202C9000854707 /* PBXTargetDependency */ = {
			isa = PBXTargetDependency;
			target = AA62D36B25202C8F00854707 /* flixster */;
			targetProxy = AA62D38E25202C9000854707 /* PBXContainerItemProxy */;
		};
/* End PBXTargetDependency section */

/* Begin PBXVariantGroup section */
		AA62D37525202C8F00854707 /* Main.storyboard */ = {
			isa = PBXVariantGroup;
			children = (
				AA62D37625202C8F00854707 /* Base */,
			);
			name = Main.storyboard;
			sourceTree = "<group>";
		};
		AA62D37A25202C9000854707 /* LaunchScreen.storyboard */ = {
			isa = PBXVariantGroup;
			children = (
				AA62D37B25202C9000854707 /* Base */,
			);
			name = LaunchScreen.storyboard;
			sourceTree = "<group>";
		};
/* End PBXVariantGroup section */

/* Begin XCBuildConfiguration section */
		AA62D39425202C9000854707 /* Debug */ = {
			isa = XCBuildConfiguration;
			buildSettings = {
				ALWAYS_SEARCH_USER_PATHS = NO;
				CLANG_ANALYZER_NONNULL = YES;
				CLANG_ANALYZER_NUMBER_OBJECT_CONVERSION = YES_AGGRESSIVE;
				CLANG_CXX_LANGUAGE_STANDARD = "gnu++14";
				CLANG_CXX_LIBRARY = "libc++";
				CLANG_ENABLE_MODULES = YES;
				CLANG_ENABLE_OBJC_ARC = YES;
				CLANG_ENABLE_OBJC_WEAK = YES;
				CLANG_WARN_BLOCK_CAPTURE_AUTORELEASING = YES;
				CLANG_WARN_BOOL_CONVERSION = YES;
				CLANG_WARN_COMMA = YES;
				CLANG_WARN_CONSTANT_CONVERSION = YES;
				CLANG_WARN_DEPRECATED_OBJC_IMPLEMENTATIONS = YES;
				CLANG_WARN_DIRECT_OBJC_ISA_USAGE = YES_ERROR;
				CLANG_WARN_DOCUMENTATION_COMMENTS = YES;
				CLANG_WARN_EMPTY_BODY = YES;
				CLANG_WARN_ENUM_CONVERSION = YES;
				CLANG_WARN_INFINITE_RECURSION = YES;
				CLANG_WARN_INT_CONVERSION = YES;
				CLANG_WARN_NON_LITERAL_NULL_CONVERSION = YES;
				CLANG_WARN_OBJC_IMPLICIT_RETAIN_SELF = YES;
				CLANG_WARN_OBJC_LITERAL_CONVERSION = YES;
				CLANG_WARN_OBJC_ROOT_CLASS = YES_ERROR;
				CLANG_WARN_QUOTED_INCLUDE_IN_FRAMEWORK_HEADER = YES;
				CLANG_WARN_RANGE_LOOP_ANALYSIS = YES;
				CLANG_WARN_STRICT_PROTOTYPES = YES;
				CLANG_WARN_SUSPICIOUS_MOVE = YES;
				CLANG_WARN_UNGUARDED_AVAILABILITY = YES_AGGRESSIVE;
				CLANG_WARN_UNREACHABLE_CODE = YES;
				CLANG_WARN__DUPLICATE_METHOD_MATCH = YES;
				COPY_PHASE_STRIP = NO;
				DEBUG_INFORMATION_FORMAT = dwarf;
				ENABLE_STRICT_OBJC_MSGSEND = YES;
				ENABLE_TESTABILITY = YES;
				GCC_C_LANGUAGE_STANDARD = gnu11;
				GCC_DYNAMIC_NO_PIC = NO;
				GCC_NO_COMMON_BLOCKS = YES;
				GCC_OPTIMIZATION_LEVEL = 0;
				GCC_PREPROCESSOR_DEFINITIONS = (
					"DEBUG=1",
					"$(inherited)",
				);
				GCC_WARN_64_TO_32_BIT_CONVERSION = YES;
				GCC_WARN_ABOUT_RETURN_TYPE = YES_ERROR;
				GCC_WARN_UNDECLARED_SELECTOR = YES;
				GCC_WARN_UNINITIALIZED_AUTOS = YES_AGGRESSIVE;
				GCC_WARN_UNUSED_FUNCTION = YES;
				GCC_WARN_UNUSED_VARIABLE = YES;
				IPHONEOS_DEPLOYMENT_TARGET = 14.0;
				MTL_ENABLE_DEBUG_INFO = INCLUDE_SOURCE;
				MTL_FAST_MATH = YES;
				ONLY_ACTIVE_ARCH = YES;
				SDKROOT = iphoneos;
				SWIFT_ACTIVE_COMPILATION_CONDITIONS = DEBUG;
				SWIFT_OPTIMIZATION_LEVEL = "-Onone";
			};
			name = Debug;
		};
		AA62D39525202C9000854707 /* Release */ = {
			isa = XCBuildConfiguration;
			buildSettings = {
				ALWAYS_SEARCH_USER_PATHS = NO;
				CLANG_ANALYZER_NONNULL = YES;
				CLANG_ANALYZER_NUMBER_OBJECT_CONVERSION = YES_AGGRESSIVE;
				CLANG_CXX_LANGUAGE_STANDARD = "gnu++14";
				CLANG_CXX_LIBRARY = "libc++";
				CLANG_ENABLE_MODULES = YES;
				CLANG_ENABLE_OBJC_ARC = YES;
				CLANG_ENABLE_OBJC_WEAK = YES;
				CLANG_WARN_BLOCK_CAPTURE_AUTORELEASING = YES;
				CLANG_WARN_BOOL_CONVERSION = YES;
				CLANG_WARN_COMMA = YES;
				CLANG_WARN_CONSTANT_CONVERSION = YES;
				CLANG_WARN_DEPRECATED_OBJC_IMPLEMENTATIONS = YES;
				CLANG_WARN_DIRECT_OBJC_ISA_USAGE = YES_ERROR;
				CLANG_WARN_DOCUMENTATION_COMMENTS = YES;
				CLANG_WARN_EMPTY_BODY = YES;
				CLANG_WARN_ENUM_CONVERSION = YES;
				CLANG_WARN_INFINITE_RECURSION = YES;
				CLANG_WARN_INT_CONVERSION = YES;
				CLANG_WARN_NON_LITERAL_NULL_CONVERSION = YES;
				CLANG_WARN_OBJC_IMPLICIT_RETAIN_SELF = YES;
				CLANG_WARN_OBJC_LITERAL_CONVERSION = YES;
				CLANG_WARN_OBJC_ROOT_CLASS = YES_ERROR;
				CLANG_WARN_QUOTED_INCLUDE_IN_FRAMEWORK_HEADER = YES;
				CLANG_WARN_RANGE_LOOP_ANALYSIS = YES;
				CLANG_WARN_STRICT_PROTOTYPES = YES;
				CLANG_WARN_SUSPICIOUS_MOVE = YES;
				CLANG_WARN_UNGUARDED_AVAILABILITY = YES_AGGRESSIVE;
				CLANG_WARN_UNREACHABLE_CODE = YES;
				CLANG_WARN__DUPLICATE_METHOD_MATCH = YES;
				COPY_PHASE_STRIP = NO;
				DEBUG_INFORMATION_FORMAT = "dwarf-with-dsym";
				ENABLE_NS_ASSERTIONS = NO;
				ENABLE_STRICT_OBJC_MSGSEND = YES;
				GCC_C_LANGUAGE_STANDARD = gnu11;
				GCC_NO_COMMON_BLOCKS = YES;
				GCC_WARN_64_TO_32_BIT_CONVERSION = YES;
				GCC_WARN_ABOUT_RETURN_TYPE = YES_ERROR;
				GCC_WARN_UNDECLARED_SELECTOR = YES;
				GCC_WARN_UNINITIALIZED_AUTOS = YES_AGGRESSIVE;
				GCC_WARN_UNUSED_FUNCTION = YES;
				GCC_WARN_UNUSED_VARIABLE = YES;
				IPHONEOS_DEPLOYMENT_TARGET = 14.0;
				MTL_ENABLE_DEBUG_INFO = NO;
				MTL_FAST_MATH = YES;
				SDKROOT = iphoneos;
				SWIFT_COMPILATION_MODE = wholemodule;
				SWIFT_OPTIMIZATION_LEVEL = "-O";
				VALIDATE_PRODUCT = YES;
			};
			name = Release;
		};
		AA62D39725202C9000854707 /* Debug */ = {
			isa = XCBuildConfiguration;
			baseConfigurationReference = 343829B10C04352108B5B888 /* Pods-flixster.debug.xcconfig */;
			buildSettings = {
				ASSETCATALOG_COMPILER_APPICON_NAME = AppIcon;
				ASSETCATALOG_COMPILER_GLOBAL_ACCENT_COLOR_NAME = AccentColor;
				CODE_SIGN_STYLE = Automatic;
				DEVELOPMENT_TEAM = A7HW732LQA;
				INFOPLIST_FILE = flixster/Info.plist;
				LD_RUNPATH_SEARCH_PATHS = (
					"$(inherited)",
					"@executable_path/Frameworks",
				);
				PRODUCT_BUNDLE_IDENTIFIER = codepath.flixster;
				PRODUCT_NAME = "$(TARGET_NAME)";
				SWIFT_VERSION = 5.0;
				TARGETED_DEVICE_FAMILY = "1,2";
			};
			name = Debug;
		};
		AA62D39825202C9000854707 /* Release */ = {
			isa = XCBuildConfiguration;
			baseConfigurationReference = CFFB77BCE9A7397DFC1C778F /* Pods-flixster.release.xcconfig */;
			buildSettings = {
				ASSETCATALOG_COMPILER_APPICON_NAME = AppIcon;
				ASSETCATALOG_COMPILER_GLOBAL_ACCENT_COLOR_NAME = AccentColor;
				CODE_SIGN_STYLE = Automatic;
				DEVELOPMENT_TEAM = A7HW732LQA;
				INFOPLIST_FILE = flixster/Info.plist;
				LD_RUNPATH_SEARCH_PATHS = (
					"$(inherited)",
					"@executable_path/Frameworks",
				);
				PRODUCT_BUNDLE_IDENTIFIER = codepath.flixster;
				PRODUCT_NAME = "$(TARGET_NAME)";
				SWIFT_VERSION = 5.0;
				TARGETED_DEVICE_FAMILY = "1,2";
			};
			name = Release;
		};
		AA62D39A25202C9000854707 /* Debug */ = {
			isa = XCBuildConfiguration;
			baseConfigurationReference = 1E41F5FB42799F1A4690C321 /* Pods-flixsterTests.debug.xcconfig */;
			buildSettings = {
				ALWAYS_EMBED_SWIFT_STANDARD_LIBRARIES = YES;
				BUNDLE_LOADER = "$(TEST_HOST)";
				CODE_SIGN_STYLE = Automatic;
				DEVELOPMENT_TEAM = A7HW732LQA;
				INFOPLIST_FILE = flixsterTests/Info.plist;
				IPHONEOS_DEPLOYMENT_TARGET = 14.0;
				LD_RUNPATH_SEARCH_PATHS = (
					"$(inherited)",
					"@executable_path/Frameworks",
					"@loader_path/Frameworks",
				);
				PRODUCT_BUNDLE_IDENTIFIER = codepath.flixsterTests;
				PRODUCT_NAME = "$(TARGET_NAME)";
				SWIFT_VERSION = 5.0;
				TARGETED_DEVICE_FAMILY = "1,2";
				TEST_HOST = "$(BUILT_PRODUCTS_DIR)/flixster.app/flixster";
			};
			name = Debug;
		};
		AA62D39B25202C9000854707 /* Release */ = {
			isa = XCBuildConfiguration;
			baseConfigurationReference = 6AC47B42795516C1DC193CEA /* Pods-flixsterTests.release.xcconfig */;
			buildSettings = {
				ALWAYS_EMBED_SWIFT_STANDARD_LIBRARIES = YES;
				BUNDLE_LOADER = "$(TEST_HOST)";
				CODE_SIGN_STYLE = Automatic;
				DEVELOPMENT_TEAM = A7HW732LQA;
				INFOPLIST_FILE = flixsterTests/Info.plist;
				IPHONEOS_DEPLOYMENT_TARGET = 14.0;
				LD_RUNPATH_SEARCH_PATHS = (
					"$(inherited)",
					"@executable_path/Frameworks",
					"@loader_path/Frameworks",
				);
				PRODUCT_BUNDLE_IDENTIFIER = codepath.flixsterTests;
				PRODUCT_NAME = "$(TARGET_NAME)";
				SWIFT_VERSION = 5.0;
				TARGETED_DEVICE_FAMILY = "1,2";
				TEST_HOST = "$(BUILT_PRODUCTS_DIR)/flixster.app/flixster";
			};
			name = Release;
		};
		AA62D39D25202C9000854707 /* Debug */ = {
			isa = XCBuildConfiguration;
			baseConfigurationReference = 62EFFCF0F5F1B3FE9CB5084A /* Pods-flixster-flixsterUITests.debug.xcconfig */;
			buildSettings = {
				ALWAYS_EMBED_SWIFT_STANDARD_LIBRARIES = YES;
				CODE_SIGN_STYLE = Automatic;
				DEVELOPMENT_TEAM = A7HW732LQA;
				INFOPLIST_FILE = flixsterUITests/Info.plist;
				LD_RUNPATH_SEARCH_PATHS = (
					"$(inherited)",
					"@executable_path/Frameworks",
					"@loader_path/Frameworks",
				);
				PRODUCT_BUNDLE_IDENTIFIER = codepath.flixsterUITests;
				PRODUCT_NAME = "$(TARGET_NAME)";
				SWIFT_VERSION = 5.0;
				TARGETED_DEVICE_FAMILY = "1,2";
				TEST_TARGET_NAME = flixster;
			};
			name = Debug;
		};
		AA62D39E25202C9000854707 /* Release */ = {
			isa = XCBuildConfiguration;
			baseConfigurationReference = FCFFA5FC88E3856E94930D3C /* Pods-flixster-flixsterUITests.release.xcconfig */;
			buildSettings = {
				ALWAYS_EMBED_SWIFT_STANDARD_LIBRARIES = YES;
				CODE_SIGN_STYLE = Automatic;
				DEVELOPMENT_TEAM = A7HW732LQA;
				INFOPLIST_FILE = flixsterUITests/Info.plist;
				LD_RUNPATH_SEARCH_PATHS = (
					"$(inherited)",
					"@executable_path/Frameworks",
					"@loader_path/Frameworks",
				);
				PRODUCT_BUNDLE_IDENTIFIER = codepath.flixsterUITests;
				PRODUCT_NAME = "$(TARGET_NAME)";
				SWIFT_VERSION = 5.0;
				TARGETED_DEVICE_FAMILY = "1,2";
				TEST_TARGET_NAME = flixster;
			};
			name = Release;
		};
/* End XCBuildConfiguration section */

/* Begin XCConfigurationList section */
		AA62D36725202C8F00854707 /* Build configuration list for PBXProject "flixster" */ = {
			isa = XCConfigurationList;
			buildConfigurations = (
				AA62D39425202C9000854707 /* Debug */,
				AA62D39525202C9000854707 /* Release */,
			);
			defaultConfigurationIsVisible = 0;
			defaultConfigurationName = Release;
		};
		AA62D39625202C9000854707 /* Build configuration list for PBXNativeTarget "flixster" */ = {
			isa = XCConfigurationList;
			buildConfigurations = (
				AA62D39725202C9000854707 /* Debug */,
				AA62D39825202C9000854707 /* Release */,
			);
			defaultConfigurationIsVisible = 0;
			defaultConfigurationName = Release;
		};
		AA62D39925202C9000854707 /* Build configuration list for PBXNativeTarget "flixsterTests" */ = {
			isa = XCConfigurationList;
			buildConfigurations = (
				AA62D39A25202C9000854707 /* Debug */,
				AA62D39B25202C9000854707 /* Release */,
			);
			defaultConfigurationIsVisible = 0;
			defaultConfigurationName = Release;
		};
		AA62D39C25202C9000854707 /* Build configuration list for PBXNativeTarget "flixsterUITests" */ = {
			isa = XCConfigurationList;
			buildConfigurations = (
				AA62D39D25202C9000854707 /* Debug */,
				AA62D39E25202C9000854707 /* Release */,
			);
			defaultConfigurationIsVisible = 0;
			defaultConfigurationName = Release;
		};
/* End XCConfigurationList section */
	};
	rootObject = AA62D36425202C8F00854707 /* Project object */;
}
